
Microsoft Visual Studio Solution File, Format Version 12.00
# Visual Studio Version 16
VisualStudioVersion = 16.0.809.9
MinimumVisualStudioVersion = 10.0.40219.1
Project("{FAE04EC0-301F-11D3-BF4B-00C04F79EFBC}") = "sneakershop.Android", "sneakershop.Android\sneakershop.Android.csproj", "{B9D4A59A-0F46-4DD9-9D0B-21C9376A4539}"
EndProject
Project("{FAE04EC0-301F-11D3-BF4B-00C04F79EFBC}") = "sneakershop.iOS", "sneakershop.iOS\sneakershop.iOS.csproj", "{6BDD8B2D-B54A-4A34-A4FB-B4361413ED51}"
EndProject
Project("{9A19103F-16F7-4668-BE54-9A1E7A4F7556}") = "sneakershop", "sneakershop\sneakershop.csproj", "{392DFF31-C1F0-4D94-9F98-2738DFB2C642}"
EndProject
Global
	GlobalSection(SolutionConfigurationPlatforms) = preSolution
		Debug|Any CPU = Debug|Any CPU
		Debug|iPhone = Debug|iPhone
		Debug|iPhoneSimulator = Debug|iPhoneSimulator
		Release|Any CPU = Release|Any CPU
		Release|iPhone = Release|iPhone
		Release|iPhoneSimulator = Release|iPhoneSimulator
	EndGlobalSection
	GlobalSection(ProjectConfigurationPlatforms) = postSolution
		{B9D4A59A-0F46-4DD9-9D0B-21C9376A4539}.Debug|Any CPU.ActiveCfg = Debug|Any CPU
		{B9D4A59A-0F46-4DD9-9D0B-21C9376A4539}.Debug|Any CPU.Build.0 = Debug|Any CPU
		{B9D4A59A-0F46-4DD9-9D0B-21C9376A4539}.Debug|Any CPU.Deploy.0 = Debug|Any CPU
		{B9D4A59A-0F46-4DD9-9D0B-21C9376A4539}.Debug|iPhone.ActiveCfg = Debug|Any CPU
		{B9D4A59A-0F46-4DD9-9D0B-21C9376A4539}.Debug|iPhone.Build.0 = Debug|Any CPU
		{B9D4A59A-0F46-4DD9-9D0B-21C9376A4539}.Debug|iPhoneSimulator.ActiveCfg = Debug|Any CPU
		{B9D4A59A-0F46-4DD9-9D0B-21C9376A4539}.Debug|iPhoneSimulator.Build.0 = Debug|Any CPU
		{B9D4A59A-0F46-4DD9-9D0B-21C9376A4539}.Release|Any CPU.ActiveCfg = Release|Any CPU
		{B9D4A59A-0F46-4DD9-9D0B-21C9376A4539}.Release|Any CPU.Build.0 = Release|Any CPU
		{B9D4A59A-0F46-4DD9-9D0B-21C9376A4539}.Release|iPhone.ActiveCfg = Release|Any CPU
		{B9D4A59A-0F46-4DD9-9D0B-21C9376A4539}.Release|iPhone.Build.0 = Release|Any CPU
		{B9D4A59A-0F46-4DD9-9D0B-21C9376A4539}.Release|iPhoneSimulator.ActiveCfg = Release|Any CPU
		{B9D4A59A-0F46-4DD9-9D0B-21C9376A4539}.Release|iPhoneSimulator.Build.0 = Release|Any CPU
		{6BDD8B2D-B54A-4A34-A4FB-B4361413ED51}.Debug|Any CPU.ActiveCfg = Debug|iPhoneSimulator
		{6BDD8B2D-B54A-4A34-A4FB-B4361413ED51}.Debug|Any CPU.Build.0 = Debug|iPhoneSimulator
		{6BDD8B2D-B54A-4A34-A4FB-B4361413ED51}.Debug|iPhone.ActiveCfg = Debug|iPhone
		{6BDD8B2D-B54A-4A34-A4FB-B4361413ED51}.Debug|iPhone.Build.0 = Debug|iPhone
		{6BDD8B2D-B54A-4A34-A4FB-B4361413ED51}.Debug|iPhoneSimulator.ActiveCfg = Debug|iPhoneSimulator
		{6BDD8B2D-B54A-4A34-A4FB-B4361413ED51}.Debug|iPhoneSimulator.Build.0 = Debug|iPhoneSimulator
		{6BDD8B2D-B54A-4A34-A4FB-B4361413ED51}.Release|Any CPU.ActiveCfg = Release|iPhoneSimulator
		{6BDD8B2D-B54A-4A34-A4FB-B4361413ED51}.Release|Any CPU.Build.0 = Release|iPhoneSimulator
		{6BDD8B2D-B54A-4A34-A4FB-B4361413ED51}.Release|iPhone.ActiveCfg = Release|iPhone
		{6BDD8B2D-B54A-4A34-A4FB-B4361413ED51}.Release|iPhone.Build.0 = Release|iPhone
		{6BDD8B2D-B54A-4A34-A4FB-B4361413ED51}.Release|iPhoneSimulator.ActiveCfg = Release|iPhoneSimulator
		{6BDD8B2D-B54A-4A34-A4FB-B4361413ED51}.Release|iPhoneSimulator.Build.0 = Release|iPhoneSimulator
		{392DFF31-C1F0-4D94-9F98-2738DFB2C642}.Debug|Any CPU.ActiveCfg = Debug|Any CPU
		{392DFF31-C1F0-4D94-9F98-2738DFB2C642}.Debug|Any CPU.Build.0 = Debug|Any CPU
		{392DFF31-C1F0-4D94-9F98-2738DFB2C642}.Debug|iPhone.ActiveCfg = Debug|Any CPU
		{392DFF31-C1F0-4D94-9F98-2738DFB2C642}.Debug|iPhone.Build.0 = Debug|Any CPU
		{392DFF31-C1F0-4D94-9F98-2738DFB2C642}.Debug|iPhoneSimulator.ActiveCfg = Debug|Any CPU
		{392DFF31-C1F0-4D94-9F98-2738DFB2C642}.Debug|iPhoneSimulator.Build.0 = Debug|Any CPU
		{392DFF31-C1F0-4D94-9F98-2738DFB2C642}.Release|Any CPU.ActiveCfg = Release|Any CPU
		{392DFF31-C1F0-4D94-9F98-2738DFB2C642}.Release|Any CPU.Build.0 = Release|Any CPU
		{392DFF31-C1F0-4D94-9F98-2738DFB2C642}.Release|iPhone.ActiveCfg = Release|Any CPU
		{392DFF31-C1F0-4D94-9F98-2738DFB2C642}.Release|iPhone.Build.0 = Release|Any CPU
		{392DFF31-C1F0-4D94-9F98-2738DFB2C642}.Release|iPhoneSimulator.ActiveCfg = Release|Any CPU
		{392DFF31-C1F0-4D94-9F98-2738DFB2C642}.Release|iPhoneSimulator.Build.0 = Release|Any CPU
	EndGlobalSection
	GlobalSection(SolutionProperties) = preSolution
		HideSolutionNode = FALSE
	EndGlobalSection
	GlobalSection(ExtensibilityGlobals) = postSolution
		SolutionGuid = {3D5B7B5E-68DD-4DE1-9976-E6B8224A08F9}
	EndGlobalSection
EndGlobal
